Microsoft Visual Studio Solution File, Format Version 12.00
# Visual Studio 14
VisualStudioVersion = 14.0.25420.1
MinimumVisualStudioVersion = 10.0.40219.1
Project("{FAE04EC0-301F-11D3-BF4B-00C04F79EFBC}") = "PPCRental", "PPCRental\PPCRental.csproj", "{4400D5ED-1EF0-4296-B29F-A71B56A6764E}"
EndProject
Project("{FAE04EC0-301F-11D3-BF4B-00C04F79EFBC}") = "PPCRental.AcceptanceTests", "PPCRental.AcceptanceTests\PPCRental.AcceptanceTests.csproj", "{D6E89565-F22F-4D62-80AB-1B990262AB49}"
EndProject
Project("{FAE04EC0-301F-11D3-BF4B-00C04F79EFBC}") = "PPCRental.AcceptanceTests.Common", "PPCRental.AcceptanceTests.Common\PPCRental.AcceptanceTests.Common.csproj", "{1FE8FE68-DAAB-42C4-8509-135F8C519E7F}"
EndProject
Project("{FAE04EC0-301F-11D3-BF4B-00C04F79EFBC}") = "PPCRental.UITests.Selenium", "PPCRental.UITests.Selenium\PPCRental.UITests.Selenium.csproj", "{BBC29017-AE89-4EB9-9E85-60F0BF05A926}"
EndProject
Project("{FAE04EC0-301F-11D3-BF4B-00C04F79EFBC}") = "PPCRental.UnitTestss", "PPCRental.UnitTestss\PPCRental.UnitTestss.csproj", "{3EFD1F08-E2A1-4A09-B844-F9F165B711F5}"
EndProject
Global
	GlobalSection(SolutionConfigurationPlatforms) = preSolution
		Debug|Any CPU = Debug|Any CPU
		Release|Any CPU = Release|Any CPU
	EndGlobalSection
	GlobalSection(ProjectConfigurationPlatforms) = postSolution
		{4400D5ED-1EF0-4296-B29F-A71B56A6764E}.Debug|Any CPU.ActiveCfg = Debug|Any CPU
		{4400D5ED-1EF0-4296-B29F-A71B56A6764E}.Debug|Any CPU.Build.0 = Debug|Any CPU
		{4400D5ED-1EF0-4296-B29F-A71B56A6764E}.Release|Any CPU.ActiveCfg = Release|Any CPU
		{4400D5ED-1EF0-4296-B29F-A71B56A6764E}.Release|Any CPU.Build.0 = Release|Any CPU
		{D6E89565-F22F-4D62-80AB-1B990262AB49}.Debug|Any CPU.ActiveCfg = Debug|Any CPU
		{D6E89565-F22F-4D62-80AB-1B990262AB49}.Debug|Any CPU.Build.0 = Debug|Any CPU
		{D6E89565-F22F-4D62-80AB-1B990262AB49}.Release|Any CPU.ActiveCfg = Release|Any CPU
		{D6E89565-F22F-4D62-80AB-1B990262AB49}.Release|Any CPU.Build.0 = Release|Any CPU
		{1FE8FE68-DAAB-42C4-8509-135F8C519E7F}.Debug|Any CPU.ActiveCfg = Debug|Any CPU
		{1FE8FE68-DAAB-42C4-8509-135F8C519E7F}.Debug|Any CPU.Build.0 = Debug|Any CPU
		{1FE8FE68-DAAB-42C4-8509-135F8C519E7F}.Release|Any CPU.ActiveCfg = Release|Any CPU
		{1FE8FE68-DAAB-42C4-8509-135F8C519E7F}.Release|Any CPU.Build.0 = Release|Any CPU
		{BBC29017-AE89-4EB9-9E85-60F0BF05A926}.Debug|Any CPU.ActiveCfg = Debug|Any CPU
		{BBC29017-AE89-4EB9-9E85-60F0BF05A926}.Debug|Any CPU.Build.0 = Debug|Any CPU
		{BBC29017-AE89-4EB9-9E85-60F0BF05A926}.Release|Any CPU.ActiveCfg = Release|Any CPU
		{BBC29017-AE89-4EB9-9E85-60F0BF05A926}.Release|Any CPU.Build.0 = Release|Any CPU
		{3EFD1F08-E2A1-4A09-B844-F9F165B711F5}.Debug|Any CPU.ActiveCfg = Debug|Any CPU
		{3EFD1F08-E2A1-4A09-B844-F9F165B711F5}.Debug|Any CPU.Build.0 = Debug|Any CPU
		{3EFD1F08-E2A1-4A09-B844-F9F165B711F5}.Release|Any CPU.ActiveCfg = Release|Any CPU
		{3EFD1F08-E2A1-4A09-B844-F9F165B711F5}.Release|Any CPU.Build.0 = Release|Any CPU
	EndGlobalSection
	GlobalSection(SolutionProperties) = preSolution
		HideSolutionNode = FALSE
	EndGlobalSection
EndGlobal
