Microsoft Visual Studio Solution File, Format Version 12.00
# Visual Studio 14
VisualStudioVersion = 14.0.25420.1
MinimumVisualStudioVersion = 10.0.40219.1
Project("{FAE04EC0-301F-11D3-BF4B-00C04F79EFBC}") = "PPCRental", "PPCRental\PPCRental.csproj", "{4400D5ED-1EF0-4296-B29F-A71B56A6764E}"
EndProject
Project("{FAE04EC0-301F-11D3-BF4B-00C04F79EFBC}") = "PPCRental.AcceptanceTests", "PPCRental.AcceptanceTests\PPCRental.AcceptanceTests.csproj", "{DA050D3D-687E-4841-92AB-560612A5A544}"
EndProject
Project("{FAE04EC0-301F-11D3-BF4B-00C04F79EFBC}") = "PPCRental.AcceptanceTests.Common", "PPCRental.AcceptanceTests.Common\PPCRental.AcceptanceTests.Common.csproj", "{33A5D570-D719-4E33-9427-9C7B6CD8280A}"
EndProject
Project("{FAE04EC0-301F-11D3-BF4B-00C04F79EFBC}") = "PPCRental.UITests.Selenium", "PPCRental.UITests.Selenium\PPCRental.UITests.Selenium.csproj", "{9EB2AE4A-4749-4DA0-A162-F7BE02BC6F79}"
EndProject
Project("{FAE04EC0-301F-11D3-BF4B-00C04F79EFBC}") = "PPCRental.UnitTests", "PPCRental.UnitTests\PPCRental.UnitTests.csproj", "{5BC17FF3-779D-4D0D-ACB7-0CEE94BDFF2C}"
EndProject
Global
	GlobalSection(SolutionConfigurationPlatforms) = preSolution
		Debug|Any CPU = Debug|Any CPU
		Release|Any CPU = Release|Any CPU
	EndGlobalSection
	GlobalSection(ProjectConfigurationPlatforms) = postSolution
		{4400D5ED-1EF0-4296-B29F-A71B56A6764E}.Debug|Any CPU.ActiveCfg = Debug|Any CPU
		{4400D5ED-1EF0-4296-B29F-A71B56A6764E}.Debug|Any CPU.Build.0 = Debug|Any CPU
		{4400D5ED-1EF0-4296-B29F-A71B56A6764E}.Release|Any CPU.ActiveCfg = Release|Any CPU
		{4400D5ED-1EF0-4296-B29F-A71B56A6764E}.Release|Any CPU.Build.0 = Release|Any CPU
		{DA050D3D-687E-4841-92AB-560612A5A544}.Debug|Any CPU.ActiveCfg = Debug|Any CPU
		{DA050D3D-687E-4841-92AB-560612A5A544}.Debug|Any CPU.Build.0 = Debug|Any CPU
		{DA050D3D-687E-4841-92AB-560612A5A544}.Release|Any CPU.ActiveCfg = Release|Any CPU
		{DA050D3D-687E-4841-92AB-560612A5A544}.Release|Any CPU.Build.0 = Release|Any CPU
		{33A5D570-D719-4E33-9427-9C7B6CD8280A}.Debug|Any CPU.ActiveCfg = Debug|Any CPU
		{33A5D570-D719-4E33-9427-9C7B6CD8280A}.Debug|Any CPU.Build.0 = Debug|Any CPU
		{33A5D570-D719-4E33-9427-9C7B6CD8280A}.Release|Any CPU.ActiveCfg = Release|Any CPU
		{33A5D570-D719-4E33-9427-9C7B6CD8280A}.Release|Any CPU.Build.0 = Release|Any CPU
		{9EB2AE4A-4749-4DA0-A162-F7BE02BC6F79}.Debug|Any CPU.ActiveCfg = Debug|Any CPU
		{9EB2AE4A-4749-4DA0-A162-F7BE02BC6F79}.Debug|Any CPU.Build.0 = Debug|Any CPU
		{9EB2AE4A-4749-4DA0-A162-F7BE02BC6F79}.Release|Any CPU.ActiveCfg = Release|Any CPU
		{9EB2AE4A-4749-4DA0-A162-F7BE02BC6F79}.Release|Any CPU.Build.0 = Release|Any CPU
		{5BC17FF3-779D-4D0D-ACB7-0CEE94BDFF2C}.Debug|Any CPU.ActiveCfg = Debug|Any CPU
		{5BC17FF3-779D-4D0D-ACB7-0CEE94BDFF2C}.Debug|Any CPU.Build.0 = Debug|Any CPU
		{5BC17FF3-779D-4D0D-ACB7-0CEE94BDFF2C}.Release|Any CPU.ActiveCfg = Release|Any CPU
		{5BC17FF3-779D-4D0D-ACB7-0CEE94BDFF2C}.Release|Any CPU.Build.0 = Release|Any CPU
	EndGlobalSection
	GlobalSection(SolutionProperties) = preSolution
		HideSolutionNode = FALSE
	EndGlobalSection
EndGlobal
